
Microsoft Visual Studio Solution File, Format Version 12.00
# Visual Studio Version 17
VisualStudioVersion = 17.7.34031.279
MinimumVisualStudioVersion = 10.0.40219.1
Project("{2150E333-8FDC-42A3-9474-1A3956D46DE8}") = "Task0", "Task0", "{F550780C-D8F1-456E-B113-AE786A2353A6}"
EndProject
Project("{FAE04EC0-301F-11D3-BF4B-00C04F79EFBC}") = "Tyuiu.PomazDS.Sprint4.Task0.V24", "Tyuiu.PomazDS.Sprint4.Task0.V24\Tyuiu.PomazDS.Sprint4.Task0.V24.csproj", "{67571864-A594-41C3-8E0B-EDAF0C727F10}"
EndProject
Project("{FAE04EC0-301F-11D3-BF4B-00C04F79EFBC}") = "Tyuiu.PomazDS.Sprint4.Task0.V24.Lib", "Tyuiu.PomazDS.Sprint4.Task0.V24.Lib\Tyuiu.PomazDS.Sprint4.Task0.V24.Lib.csproj", "{609D1755-6198-4342-B663-56C1C9E13AE3}"
EndProject
Project("{FAE04EC0-301F-11D3-BF4B-00C04F79EFBC}") = "Tyuiu.PomazDS.Sprint4.Task0.V24.Test", "Tyuiu.PomazDS.Sprint4.Task0.V24.Test\Tyuiu.PomazDS.Sprint4.Task0.V24.Test.csproj", "{7C56F49C-13DD-4118-8B6B-5791C156674A}"
EndProject
Project("{2150E333-8FDC-42A3-9474-1A3956D46DE8}") = "Task1", "Task1", "{B544A152-65C1-4A9D-8487-2C5A46BA39C8}"
EndProject
Project("{FAE04EC0-301F-11D3-BF4B-00C04F79EFBC}") = "Tyuiu.PomazDS.Sprint4.Task1.V16", "Tyuiu.PomazDS.Sprint4.Task1.V16\Tyuiu.PomazDS.Sprint4.Task1.V16.csproj", "{092A2BBF-BEDB-4534-BBFC-A2733267A2EE}"
EndProject
Project("{FAE04EC0-301F-11D3-BF4B-00C04F79EFBC}") = "Tyuiu.PomazDS.Sprint4.Task1.V16.Lib", "Tyuiu.PomazDS.Sprint4.Task1.V16.Lib\Tyuiu.PomazDS.Sprint4.Task1.V16.Lib.csproj", "{1EEA6631-52EF-42A1-9DEC-4A914991C87F}"
EndProject
Project("{FAE04EC0-301F-11D3-BF4B-00C04F79EFBC}") = "Tyuiu.PomazDS.Sprint4.Task1.V16.Test", "Tyuiu.PomazDS.Sprint4.Task1.V16.Test\Tyuiu.PomazDS.Sprint4.Task1.V16.Test.csproj", "{C2BAFE10-3357-4088-AF34-0D600B54A62D}"
EndProject
Global
	GlobalSection(SolutionConfigurationPlatforms) = preSolution
		Debug|Any CPU = Debug|Any CPU
		Release|Any CPU = Release|Any CPU
	EndGlobalSection
	GlobalSection(ProjectConfigurationPlatforms) = postSolution
		{67571864-A594-41C3-8E0B-EDAF0C727F10}.Debug|Any CPU.ActiveCfg = Debug|Any CPU
		{67571864-A594-41C3-8E0B-EDAF0C727F10}.Debug|Any CPU.Build.0 = Debug|Any CPU
		{67571864-A594-41C3-8E0B-EDAF0C727F10}.Release|Any CPU.ActiveCfg = Release|Any CPU
		{67571864-A594-41C3-8E0B-EDAF0C727F10}.Release|Any CPU.Build.0 = Release|Any CPU
		{609D1755-6198-4342-B663-56C1C9E13AE3}.Debug|Any CPU.ActiveCfg = Debug|Any CPU
		{609D1755-6198-4342-B663-56C1C9E13AE3}.Debug|Any CPU.Build.0 = Debug|Any CPU
		{609D1755-6198-4342-B663-56C1C9E13AE3}.Release|Any CPU.ActiveCfg = Release|Any CPU
		{609D1755-6198-4342-B663-56C1C9E13AE3}.Release|Any CPU.Build.0 = Release|Any CPU
		{7C56F49C-13DD-4118-8B6B-5791C156674A}.Debug|Any CPU.ActiveCfg = Debug|Any CPU
		{7C56F49C-13DD-4118-8B6B-5791C156674A}.Debug|Any CPU.Build.0 = Debug|Any CPU
		{7C56F49C-13DD-4118-8B6B-5791C156674A}.Release|Any CPU.ActiveCfg = Release|Any CPU
		{7C56F49C-13DD-4118-8B6B-5791C156674A}.Release|Any CPU.Build.0 = Release|Any CPU
		{092A2BBF-BEDB-4534-BBFC-A2733267A2EE}.Debug|Any CPU.ActiveCfg = Debug|Any CPU
		{092A2BBF-BEDB-4534-BBFC-A2733267A2EE}.Debug|Any CPU.Build.0 = Debug|Any CPU
		{092A2BBF-BEDB-4534-BBFC-A2733267A2EE}.Release|Any CPU.ActiveCfg = Release|Any CPU
		{092A2BBF-BEDB-4534-BBFC-A2733267A2EE}.Release|Any CPU.Build.0 = Release|Any CPU
		{1EEA6631-52EF-42A1-9DEC-4A914991C87F}.Debug|Any CPU.ActiveCfg = Debug|Any CPU
		{1EEA6631-52EF-42A1-9DEC-4A914991C87F}.Debug|Any CPU.Build.0 = Debug|Any CPU
		{1EEA6631-52EF-42A1-9DEC-4A914991C87F}.Release|Any CPU.ActiveCfg = Release|Any CPU
		{1EEA6631-52EF-42A1-9DEC-4A914991C87F}.Release|Any CPU.Build.0 = Release|Any CPU
		{C2BAFE10-3357-4088-AF34-0D600B54A62D}.Debug|Any CPU.ActiveCfg = Debug|Any CPU
		{C2BAFE10-3357-4088-AF34-0D600B54A62D}.Debug|Any CPU.Build.0 = Debug|Any CPU
		{C2BAFE10-3357-4088-AF34-0D600B54A62D}.Release|Any CPU.ActiveCfg = Release|Any CPU
		{C2BAFE10-3357-4088-AF34-0D600B54A62D}.Release|Any CPU.Build.0 = Release|Any CPU
	EndGlobalSection
	GlobalSection(SolutionProperties) = preSolution
		HideSolutionNode = FALSE
	EndGlobalSection
	GlobalSection(NestedProjects) = preSolution
		{67571864-A594-41C3-8E0B-EDAF0C727F10} = {F550780C-D8F1-456E-B113-AE786A2353A6}
		{609D1755-6198-4342-B663-56C1C9E13AE3} = {F550780C-D8F1-456E-B113-AE786A2353A6}
		{7C56F49C-13DD-4118-8B6B-5791C156674A} = {F550780C-D8F1-456E-B113-AE786A2353A6}
		{092A2BBF-BEDB-4534-BBFC-A2733267A2EE} = {B544A152-65C1-4A9D-8487-2C5A46BA39C8}
		{1EEA6631-52EF-42A1-9DEC-4A914991C87F} = {B544A152-65C1-4A9D-8487-2C5A46BA39C8}
		{C2BAFE10-3357-4088-AF34-0D600B54A62D} = {B544A152-65C1-4A9D-8487-2C5A46BA39C8}
	EndGlobalSection
	GlobalSection(ExtensibilityGlobals) = postSolution
		SolutionGuid = {CC845BB8-EA11-4E83-BDCB-DE4D89FF5121}
	EndGlobalSection
EndGlobal
